absl-py==2.3.1
accelerate==1.12.0
addict==2.4.0
aiohappyeyeballs==2.6.1
aiohttp==3.13.3
aiosignal==1.4.0
annotated-doc==0.0.4
anthropic==0.71.0
antlr4-python3-runtime==4.9.3
anyio==4.12.1
apache-tvm-ffi==0.1.7
astor==0.8.1
asttokens==3.0.1
async-timeout==5.0.1
attrs==25.4.0
autoawq==0.2.9
av==16.0.1
bitsandbytes==0.49.0
blake3==1.0.8
blinker==1.9.0
braceexpand==0.1.7
cachetools==6.2.4
cbor2==5.8.0
cfgv==3.5.0
click==8.3.1
cloudpickle==3.1.2
colorama==0.4.6
comm==0.2.3
compressed-tensors==0.12.2
ConfigArgParse==1.7.1
contourpy==1.3.2
coverage==7.13.1
cuda-bindings==13.1.1
cuda-pathfinder==1.3.3
cuda-python==13.1.1
cupy-cuda12x==13.6.0
cycler==0.12.1
Cython==3.2.4
dash==3.3.0
datasets==3.6.0
debugpy==1.8.19
decorator==4.4.2
decord==0.6.0
depth_camera_filtering @ git+https://github.com/naokiyokoyama/depth_camera_filtering@39d6e2f391c8b2198a67ad96f94bf6da0acd48a0
depyf==0.20.0
dill==0.3.8
diskcache==5.6.3
distlib==0.4.0
dnspython==2.8.0
docstring_parser==0.17.0
einops==0.8.1
email-validator==2.3.0
evdev==1.9.2
exceptiongroup==1.3.1
executing==2.2.1
fastapi==0.128.0
fastapi-cli==0.0.20
fastapi-cloud-cli==0.8.0
fastar==0.8.0
faster-fifo==1.5.2
fastjsonschema==2.21.2
fastrlock==0.8.3
filelock==3.20.0
flash_attn==2.8.2
flashinfer-python==0.5.2
Flask==3.1.2
fonttools==4.61.1
frontier_exploration @ git+https://github.com/sjlee-me/frontier_exploration/@7253360a19565dae3e462d1000fe4d49ca38da2a
frozenlist==1.8.0
fsspec==2025.3.0
gguf==0.17.1
gitdb==4.0.12
GitPython==3.1.46
google-auth==2.47.0
google-auth-oauthlib==0.4.6
groq==0.9.0
groundingdino-py==0.4.0
grpcio==1.76.0
gym==0.23.0
gym-notices==0.1.0
h11==0.16.0
h5py==3.15.1
habitat-baselines==0.2.420230405
habitat-lab==0.2.420230405
habitat_sim @ git+https://github.com/facebookresearch/habitat-sim.git@f179b584bcd713c5a2a998132211e2cae881d6d1
hf-xet==1.2.0
hidapi==0.15.0
httpcore==1.0.9
httptools==0.7.1
httpx==0.28.1
huggingface-hub==0.36.0
hydra-core==1.3.2
identify==2.6.15
ifcfg==0.24
ImageIO==2.37.2
imageio-ffmpeg==0.6.0
importlib_metadata==8.7.1
iniconfig==2.3.0
intel-cmplr-lib-ur==2025.3.1
intel-openmp==2025.3.1
interegular==0.3.3
ipykernel==7.1.0
ipython==8.38.0
ipywidgets==8.1.8
itsdangerous==2.2.0
jedi==0.19.2
Jinja2==3.1.6
jiter==0.12.0
jmespath==1.0.1
joblib==1.5.3
jsonpointer==2.1
jsonschema==4.26.0
jsonschema-specifications==2025.9.1
jupyter_client==8.7.0
jupyter_core==5.9.1
jupyterlab_widgets==3.0.16
kiwisolver==1.4.9
lark==1.2.2
lazy_loader==0.4
llguidance==1.3.0
llvmlite==0.44.0
lm-format-enforcer==0.11.3
lmdb==1.7.5
loguru==0.7.3
lxml==6.0.2
Markdown==3.10
MarkupSafe==2.1.5
matplotlib==3.10.8
matplotlib-inline==0.2.1
mistral_common==1.8.8
mkl==2025.3.0
mkl-include==2025.3.0
mobile_sam @ git+https://github.com/ChaoningZhang/MobileSAM.git@b01a9ccef3b9e10b099b544efe004d0871802c3b
model-hosting-container-standards==0.1.12
moviepy==1.0.3
mpmath==1.3.0
msgpack==1.1.2
msgspec==0.20.0
multidict==6.7.0
multiprocess==0.70.16
narwhals==2.15.0
nbformat==5.10.4
nest-asyncio==1.6.0
networkx==3.4.2
ninja==1.13.0
nodeenv==1.10.0
numba==0.61.2
numpy==1.25.0
numpy-quaternion==2023.0.4
nvidia-cublas-cu12==12.6.4.1
nvidia-cuda-cupti-cu12==12.6.80
nvidia-cuda-nvrtc-cu12==12.6.77
nvidia-cuda-runtime-cu12==12.6.77
nvidia-cudnn-cu12==9.10.2.21
nvidia-cudnn-frontend==1.17.0
nvidia-cufft-cu12==11.3.0.4
nvidia-cufile-cu12==1.11.1.6
nvidia-curand-cu12==10.3.7.77
nvidia-cusolver-cu12==11.7.1.2
nvidia-cusparse-cu12==12.5.4.2
nvidia-cusparselt-cu12==0.7.1
nvidia-cutlass-dsl==4.3.4
nvidia-ml-py==13.590.44
nvidia-nccl-cu12==2.27.5
nvidia-nvjitlink-cu12==12.6.85
nvidia-nvshmem-cu12==3.3.20
nvidia-nvtx-cu12==12.6.77
oauthlib==3.3.1
objectio==0.2.29
omegaconf==2.3.0
onemkl-license==2025.3.0
open3d==0.19.0
openai==2.14.0
openai-harmony==0.0.8
opencv-python==4.8.0.74
outlines_core==0.2.11
pandas==2.3.3
parso==0.8.5
partial-json-parser==0.2.1.1.post7
pexpect==4.9.0
pillow==12.0.0
plotly==6.5.0
pre_commit==4.5.1
proglog==0.1.12
prometheus-fastapi-instrumentator==7.1.0
prometheus_client==0.23.1
prompt_toolkit==3.0.52
propcache==0.4.1
protobuf==3.20.1
psutil==7.2.1
ptyprocess==0.7.0
pure_eval==0.2.3
py-cpuinfo==9.0.0
pyarrow==22.0.0
pyasn1==0.6.1
pyasn1_modules==0.4.2
pybase64==1.4.3
pycocotools==2.0.11
pycountry==24.6.1
pydantic==2.12.5
pydantic-extra-types==2.11.0
pydantic-settings==2.12.0
pydantic_core==2.41.5
pygame==2.6.1
pynput==1.8.1
pyparsing==3.3.1
pyquaternion==0.9.9
pytest==9.0.2
pytest-cov==7.0.0
python-dateutil==2.9.0.post0
python-dotenv==1.2.1
python-json-logger==4.0.0
python-multipart==0.0.21
python-xlib==0.33
pytz==2025.2
PyVirtualDisplay==3.0
PyYAML==6.0.3
pyzmq==27.1.0
qwen-vl-utils==0.0.14
ray==2.53.0
referencing==0.37.0
regex==2025.11.3
requests-oauthlib==2.0.0
retrying==1.4.2
rich-toolkit==0.17.1
rignore==0.7.6
rpds-py==0.30.0
rsa==4.9.1
safetensors==0.7.0
scikit-image==0.22.0
scikit-learn==1.7.2
scipy==1.12.0
seaborn==0.13.2
sentencepiece==0.2.1
sentry-sdk==2.48.0
setproctitle==1.3.7
shellingham==1.5.4
simplejson==3.20.2
six==1.17.0
smmap==5.0.2
sniffio==1.3.1
spot_wrapper @ git+https://github.com/naokiyokoyama/bd_spot_wrapper.git@7f98a26cde1c2c82dddc6d1d8d57bc83246136c9
stack-data==0.6.3
starlette==0.50.0
supervision==0.6.0
supervisor==4.3.0
sympy==1.14.0
tabulate==0.9.0
tbb==2022.3.0
tcmlib==1.4.1
tensorboard==2.8.0
tensorboard-data-server==0.6.1
tensorboard-plugin-wit==1.8.1
termcolor==3.3.0
threadpoolctl==3.6.0
tifffile==2025.5.10
tiktoken==0.12.0
timm==0.9.7
tokenizers==0.22.2
tomli==2.3.0
torch==2.9.0+cu126
torchaudio==2.9.0+cu126
torchvision==0.24.0+cu126
tornado==6.5.4
traitlets==5.14.3
transformers==4.57.3
triton==3.5.0
typer==0.21.1
typing-inspection==0.4.2
typing_extensions==4.15.0
tzdata==2025.3
umf==1.0.2
uvicorn==0.40.0
uvloop==0.22.1
virtualenv==20.35.4
vllm==0.11.2
wandb==0.23.1
watchfiles==1.1.1
wcwidth==0.2.14
webdataset==0.1.40
websockets==15.0.1
Werkzeug==3.1.4
widgetsnbextension==4.0.15
xformers==0.0.33.post1
xgrammar==0.1.25
xxhash==3.6.0
yapf==0.43.0
yarl==1.22.0
zipp==3.23.0
